dependencies:
- name: postgresql
  repository: https://charts.bitnami.com/bitnami
  version: 11.6.18
- name: mysql
  repository: https://charts.bitnami.com/bitnami
  version: 9.2.1
- name: redis
  repository: https://charts.bitnami.com/bitnami
  version: 16.13.2
- name: soketi
  repository: https://helm.soketi.app
  version: 0.16.2
digest: sha256:eff80a88f0c60787ab3d2e53f2c7b7b9f88c7faff775876a46c3fe6ebb4547f3
generated: "2022-12-29T13:40:43.684566+01:00"
