dependencies:
- name: postgres
  repository: https://ronasit-charts.storage.googleapis.com
  version: "0.4"
- name: redis
  repository: https://ronasit-charts.storage.googleapis.com
  version: "0.7"
digest: sha256:e7b5d38f1622dcb0e11d5f2d866005b7d140538ae2b807521c0814862cc3908e
generated: "2022-05-13T12:27:53.706014+06:00"
