dependencies:
- name: postgresql
  repository: https://charts.bitnami.com/bitnami
  version: 11.2.1
- name: redis
  repository: https://charts.bitnami.com/bitnami
  version: 16.9.5
- name: soketi
  repository: https://helm.soketi.app
  version: 0.16.2
digest: sha256:af5ea9f1875abf487a2179aed382bc007f5506febedc2484276bbc20867f5cca
generated: "2022-06-21T15:33:18.837399+06:00"
